// !$*UTF8*$!
{
	archiveVersion = 1;
	classes = {
	};
	objectVersion = 55;
	objects = {

/* Begin PBXBuildFile section */
		55D1A663979B313D597A152C /* Pods_TestKtor.framework in Frameworks */ = {isa = PBXBuildFile; fileRef = F3834255C02C9197BCCC7CD9 /* Pods_TestKtor.framework */; };
		6F2FD181276E15FB0005BAE8 /* AppDelegate.swift in Sources */ = {isa = PBXBuildFile; fileRef = 6F2FD180276E15FB0005BAE8 /* AppDelegate.swift */; };
		6F2FD183276E15FB0005BAE8 /* SceneDelegate.swift in Sources */ = {isa = PBXBuildFile; fileRef = 6F2FD182276E15FB0005BAE8 /* SceneDelegate.swift */; };
		6F2FD185276E15FB0005BAE8 /* ViewController.swift in Sources */ = {isa = PBXBuildFile; fileRef = 6F2FD184276E15FB0005BAE8 /* ViewController.swift */; };
		6F2FD188276E15FB0005BAE8 /* Main.storyboard in Resources */ = {isa = PBXBuildFile; fileRef = 6F2FD186276E15FB0005BAE8 /* Main.storyboard */; };
		6F2FD18A276E15FE0005BAE8 /* Assets.xcassets in Resources */ = {isa = PBXBuildFile; fileRef = 6F2FD189276E15FE0005BAE8 /* Assets.xcassets */; };
		6F2FD18D276E15FE0005BAE8 /* LaunchScreen.storyboard in Resources */ = {isa = PBXBuildFile; fileRef = 6F2FD18B276E15FE0005BAE8 /* LaunchScreen.storyboard */; };
/* End PBXBuildFile section */

/* Begin PBXFileReference section */
		5D5C4C3C49AC1A6E8465AECD /* Pods-TestKtor.debug.xcconfig */ = {isa = PBXFileReference; includeInIndex = 1; lastKnownFileType = text.xcconfig; name = "Pods-TestKtor.debug.xcconfig"; path = "Target Support Files/Pods-TestKtor/Pods-TestKtor.debug.xcconfig"; sourceTree = "<group>"; };
		6F2FD17D276E15FB0005BAE8 /* TestKtor.app */ = {isa = PBXFileReference; explicitFileType = wrapper.application; includeInIndex = 0; path = TestKtor.app; sourceTree = BUILT_PRODUCTS_DIR; };
		6F2FD180276E15FB0005BAE8 /* AppDelegate.swift */ = {isa = PBXFileReference; lastKnownFileType = sourcecode.swift; path = AppDelegate.swift; sourceTree = "<group>"; };
		6F2FD182276E15FB0005BAE8 /* SceneDelegate.swift */ = {isa = PBXFileReference; lastKnownFileType = sourcecode.swift; path = SceneDelegate.swift; sourceTree = "<group>"; };
		6F2FD184276E15FB0005BAE8 /* ViewController.swift */ = {isa = PBXFileReference; lastKnownFileType = sourcecode.swift; path = ViewController.swift; sourceTree = "<group>"; };
		6F2FD187276E15FB0005BAE8 /* Base */ = {isa = PBXFileReference; lastKnownFileType = file.storyboard; name = Base; path = Base.lproj/Main.storyboard; sourceTree = "<group>"; };
		6F2FD189276E15FE0005BAE8 /* Assets.xcassets */ = {isa = PBXFileReference; lastKnownFileType = folder.assetcatalog; path = Assets.xcassets; sourceTree = "<group>"; };
		6F2FD18C276E15FE0005BAE8 /* Base */ = {isa = PBXFileReference; lastKnownFileType = file.storyboard; name = Base; path = Base.lproj/LaunchScreen.storyboard; sourceTree = "<group>"; };
		6F2FD18E276E15FE0005BAE8 /* Info.plist */ = {isa = PBXFileReference; lastKnownFileType = text.plist.xml; path = Info.plist; sourceTree = "<group>"; };
		C733DA205CBD0390D638F82F /* Pods-TestKtor.release.xcconfig */ = {isa = PBXFileReference; includeInIndex = 1; lastKnownFileType = text.xcconfig; name = "Pods-TestKtor.release.xcconfig"; path = "Target Support Files/Pods-TestKtor/Pods-TestKtor.release.xcconfig"; sourceTree = "<group>"; };
		F3834255C02C9197BCCC7CD9 /* Pods_TestKtor.framework */ = {isa = PBXFileReference; explicitFileType = wrapper.framework; includeInIndex = 0; path = Pods_TestKtor.framework; sourceTree = BUILT_PRODUCTS_DIR; };
/* End PBXFileReference section */

/* Begin PBXFrameworksBuildPhase section */
		6F2FD17A276E15FB0005BAE8 /* Frameworks */ = {
			isa = PBXFrameworksBuildPhase;
			buildActionMask = 2147483647;
			files = (
				55D1A663979B313D597A152C /* Pods_TestKtor.framework in Frameworks */,
			);
			runOnlyForDeploymentPostprocessing = 0;
		};
/* End PBXFrameworksBuildPhase section */

/* Begin PBXGroup section */
		094BAC4BED202A79375E19CC /* Frameworks */ = {
			isa = PBXGroup;
			children = (
				F3834255C02C9197BCCC7CD9 /* Pods_TestKtor.framework */,
			);
			name = Frameworks;
			sourceTree = "<group>";
		};
		3E5140F8D4D12D920495B633 /* Pods */ = {
			isa = PBXGroup;
			children = (
				5D5C4C3C49AC1A6E8465AECD /* Pods-TestKtor.debug.xcconfig */,
				C733DA205CBD0390D638F82F /* Pods-TestKtor.release.xcconfig */,
			);
			path = Pods;
			sourceTree = "<group>";
		};
		6F2FD174276E15FB0005BAE8 = {
			isa = PBXGroup;
			children = (
				6F2FD17F276E15FB0005BAE8 /* TestKtor */,
				6F2FD17E276E15FB0005BAE8 /* Products */,
				3E5140F8D4D12D920495B633 /* Pods */,
				094BAC4BED202A79375E19CC /* Frameworks */,
			);
			sourceTree = "<group>";
		};
		6F2FD17E276E15FB0005BAE8 /* Products */ = {
			isa = PBXGroup;
			children = (
				6F2FD17D276E15FB0005BAE8 /* TestKtor.app */,
			);
			name = Products;
			sourceTree = "<group>";
		};
		6F2FD17F276E15FB0005BAE8 /* TestKtor */ = {
			isa = PBXGroup;
			children = (
				6F2FD180276E15FB0005BAE8 /* AppDelegate.swift */,
				6F2FD182276E15FB0005BAE8 /* SceneDelegate.swift */,
				6F2FD184276E15FB0005BAE8 /* ViewController.swift */,
				6F2FD186276E15FB0005BAE8 /* Main.storyboard */,
				6F2FD189276E15FE0005BAE8 /* Assets.xcassets */,
				6F2FD18B276E15FE0005BAE8 /* LaunchScreen.storyboard */,
				6F2FD18E276E15FE0005BAE8 /* Info.plist */,
			);
			path = TestKtor;
			sourceTree = "<group>";
		};
/* End PBXGroup section */

/* Begin PBXNativeTarget section */
		6F2FD17C276E15FB0005BAE8 /* TestKtor */ = {
			isa = PBXNativeTarget;
			buildConfigurationList = 6F2FD191276E15FE0005BAE8 /* Build configuration list for PBXNativeTarget "TestKtor" */;
			buildPhases = (
				F0BCB4F548E0F6B77188FA6E /* [CP] Check Pods Manifest.lock */,
				6F2FD179276E15FB0005BAE8 /* Sources */,
				6F2FD17A276E15FB0005BAE8 /* Frameworks */,
				6F2FD17B276E15FB0005BAE8 /* Resources */,
			);
			buildRules = (
			);
			dependencies = (
			);
			name = TestKtor;
			productName = TestKtor;
			productReference = 6F2FD17D276E15FB0005BAE8 /* TestKtor.app */;
			productType = "com.apple.product-type.application";
		};
/* End PBXNativeTarget section */

/* Begin PBXProject section */
		6F2FD175276E15FB0005BAE8 /* Project object */ = {
			isa = PBXProject;
			attributes = {
				BuildIndependentTargetsInParallel = 1;
				LastSwiftUpdateCheck = 1300;
				LastUpgradeCheck = 1300;
				TargetAttributes = {
					6F2FD17C276E15FB0005BAE8 = {
						CreatedOnToolsVersion = 13.0;
					};
				};
			};
			buildConfigurationList = 6F2FD178276E15FB0005BAE8 /* Build configuration list for PBXProject "TestKtor" */;
			compatibilityVersion = "Xcode 13.0";
			developmentRegion = en;
			hasScannedForEncodings = 0;
			knownRegions = (
				en,
				Base,
			);
			mainGroup = 6F2FD174276E15FB0005BAE8;
			productRefGroup = 6F2FD17E276E15FB0005BAE8 /* Products */;
			projectDirPath = "";
			projectRoot = "";
			targets = (
				6F2FD17C276E15FB0005BAE8 /* TestKtor */,
			);
		};
/* End PBXProject section */

/* Begin PBXResourcesBuildPhase section */
		6F2FD17B276E15FB0005BAE8 /* Resources */ = {
			isa = PBXResourcesBuildPhase;
			buildActionMask = 2147483647;
			files = (
				6F2FD18D276E15FE0005BAE8 /* LaunchScreen.storyboard in Resources */,
				6F2FD18A276E15FE0005BAE8 /* Assets.xcassets in Resources */,
				6F2FD188276E15FB0005BAE8 /* Main.storyboard in Resources */,
			);
			runOnlyForDeploymentPostprocessing = 0;
		};
/* End PBXResourcesBuildPhase section */

/* Begin PBXShellScriptBuildPhase section */
		F0BCB4F548E0F6B77188FA6E /* [CP] Check Pods Manifest.lock */ = {
			isa = PBXShellScriptBuildPhase;
			buildActionMask = 2147483647;
			files = (
			);
			inputFileListPaths = (
			);
			inputPaths = (
				"${PODS_PODFILE_DIR_PATH}/Podfile.lock",
				"${PODS_ROOT}/Manifest.lock",
			);
			name = "[CP] Check Pods Manifest.lock";
			outputFileListPaths = (
			);
			outputPaths = (
				"$(DERIVED_FILE_DIR)/Pods-TestKtor-checkManifestLockResult.txt",
			);
			runOnlyForDeploymentPostprocessing = 0;
			shellPath = /bin/sh;
			shellScript = "diff \"${PODS_PODFILE_DIR_PATH}/Podfile.lock\" \"${PODS_ROOT}/Manifest.lock\" > /dev/null\nif [ $? != 0 ] ; then\n    # print error to STDERR\n    echo \"error: The sandbox is not in sync with the Podfile.lock. Run 'pod install' or update your CocoaPods installation.\" >&2\n    exit 1\nfi\n# This output is used by Xcode 'outputs' to avoid re-running this script phase.\necho \"SUCCESS\" > \"${SCRIPT_OUTPUT_FILE_0}\"\n";
			showEnvVarsInLog = 0;
		};
/* End PBXShellScriptBuildPhase section */

/* Begin PBXSourcesBuildPhase section */
		6F2FD179276E15FB0005BAE8 /* Sources */ = {
			isa = PBXSourcesBuildPhase;
			buildActionMask = 2147483647;
			files = (
				6F2FD185276E15FB0005BAE8 /* ViewController.swift in Sources */,
				6F2FD181276E15FB0005BAE8 /* AppDelegate.swift in Sources */,
				6F2FD183276E15FB0005BAE8 /* SceneDelegate.swift in Sources */,
			);
			runOnlyForDeploymentPostprocessing = 0;
		};
/* End PBXSourcesBuildPhase section */

/* Begin PBXVariantGroup section */
		6F2FD186276E15FB0005BAE8 /* Main.storyboard */ = {
			isa = PBXVariantGroup;
			children = (
				6F2FD187276E15FB0005BAE8 /* Base */,
			);
			name = Main.storyboard;
			sourceTree = "<group>";
		};
		6F2FD18B276E15FE0005BAE8 /* LaunchScreen.storyboard */ = {
			isa = PBXVariantGroup;
			children = (
				6F2FD18C276E15FE0005BAE8 /* Base */,
			);
			name = LaunchScreen.storyboard;
			sourceTree = "<group>";
		};
/* End PBXVariantGroup section */

/* Begin XCBuildConfiguration section */
		6F2FD18F276E15FE0005BAE8 /* Debug */ = {
			isa = XCBuildConfiguration;
			buildSettings = {
				ALWAYS_SEARCH_USER_PATHS = NO;
				CLANG_ANALYZER_NONNULL = YES;
				CLANG_ANALYZER_NUMBER_OBJECT_CONVERSION = YES_AGGRESSIVE;
				CLANG_CXX_LANGUAGE_STANDARD = "gnu++17";
				CLANG_CXX_LIBRARY = "libc++";
				CLANG_ENABLE_MODULES = YES;
				CLANG_ENABLE_OBJC_ARC = YES;
				CLANG_ENABLE_OBJC_WEAK = YES;
				CLANG_WARN_BLOCK_CAPTURE_AUTORELEASING = YES;
				CLANG_WARN_BOOL_CONVERSION = YES;
				CLANG_WARN_COMMA = YES;
				CLANG_WARN_CONSTANT_CONVERSION = YES;
				CLANG_WARN_DEPRECATED_OBJC_IMPLEMENTATIONS = YES;
				CLANG_WARN_DIRECT_OBJC_ISA_USAGE = YES_ERROR;
				CLANG_WARN_DOCUMENTATION_COMMENTS = YES;
				CLANG_WARN_EMPTY_BODY = YES;
				CLANG_WARN_ENUM_CONVERSION = YES;
				CLANG_WARN_INFINITE_RECURSION = YES;
				CLANG_WARN_INT_CONVERSION = YES;
				CLANG_WARN_NON_LITERAL_NULL_CONVERSION = YES;
				CLANG_WARN_OBJC_IMPLICIT_RETAIN_SELF = YES;
				CLANG_WARN_OBJC_LITERAL_CONVERSION = YES;
				CLANG_WARN_OBJC_ROOT_CLASS = YES_ERROR;
				CLANG_WARN_QUOTED_INCLUDE_IN_FRAMEWORK_HEADER = YES;
				CLANG_WARN_RANGE_LOOP_ANALYSIS = YES;
				CLANG_WARN_STRICT_PROTOTYPES = YES;
				CLANG_WARN_SUSPICIOUS_MOVE = YES;
				CLANG_WARN_UNGUARDED_AVAILABILITY = YES_AGGRESSIVE;
				CLANG_WARN_UNREACHABLE_CODE = YES;
				CLANG_WARN__DUPLICATE_METHOD_MATCH = YES;
				COPY_PHASE_STRIP = NO;
				DEBUG_INFORMATION_FORMAT = dwarf;
				ENABLE_STRICT_OBJC_MSGSEND = YES;
				ENABLE_TESTABILITY = YES;
				GCC_C_LANGUAGE_STANDARD = gnu11;
				GCC_DYNAMIC_NO_PIC = NO;
				GCC_NO_COMMON_BLOCKS = YES;
				GCC_OPTIMIZATION_LEVEL = 0;
				GCC_PREPROCESSOR_DEFINITIONS = (
					"DEBUG=1",
					"$(inherited)",
				);
				GCC_WARN_64_TO_32_BIT_CONVERSION = YES;
				GCC_WARN_ABOUT_RETURN_TYPE = YES_ERROR;
				GCC_WARN_UNDECLARED_SELECTOR = YES;
				GCC_WARN_UNINITIALIZED_AUTOS = YES_AGGRESSIVE;
				GCC_WARN_UNUSED_FUNCTION = YES;
				GCC_WARN_UNUSED_VARIABLE = YES;
				IPHONEOS_DEPLOYMENT_TARGET = 15.0;
				MTL_ENABLE_DEBUG_INFO = INCLUDE_SOURCE;
				MTL_FAST_MATH = YES;
				ONLY_ACTIVE_ARCH = YES;
				SDKROOT = iphoneos;
				SWIFT_ACTIVE_COMPILATION_CONDITIONS = DEBUG;
				SWIFT_OPTIMIZATION_LEVEL = "-Onone";
			};
			name = Debug;
		};
		6F2FD190276E15FE0005BAE8 /* Release */ = {
			isa = XCBuildConfiguration;
			buildSettings = {
				ALWAYS_SEARCH_USER_PATHS = NO;
				CLANG_ANALYZER_NONNULL = YES;
				CLANG_ANALYZER_NUMBER_OBJECT_CONVERSION = YES_AGGRESSIVE;
				CLANG_CXX_LANGUAGE_STANDARD = "gnu++17";
				CLANG_CXX_LIBRARY = "libc++";
				CLANG_ENABLE_MODULES = YES;
				CLANG_ENABLE_OBJC_ARC = YES;
				CLANG_ENABLE_OBJC_WEAK = YES;
				CLANG_WARN_BLOCK_CAPTURE_AUTORELEASING = YES;
				CLANG_WARN_BOOL_CONVERSION = YES;
				CLANG_WARN_COMMA = YES;
				CLANG_WARN_CONSTANT_CONVERSION = YES;
				CLANG_WARN_DEPRECATED_OBJC_IMPLEMENTATIONS = YES;
				CLANG_WARN_DIRECT_OBJC_ISA_USAGE = YES_ERROR;
				CLANG_WARN_DOCUMENTATION_COMMENTS = YES;
				CLANG_WARN_EMPTY_BODY = YES;
				CLANG_WARN_ENUM_CONVERSION = YES;
				CLANG_WARN_INFINITE_RECURSION = YES;
				CLANG_WARN_INT_CONVERSION = YES;
				CLANG_WARN_NON_LITERAL_NULL_CONVERSION = YES;
				CLANG_WARN_OBJC_IMPLICIT_RETAIN_SELF = YES;
				CLANG_WARN_OBJC_LITERAL_CONVERSION = YES;
				CLANG_WARN_OBJC_ROOT_CLASS = YES_ERROR;
				CLANG_WARN_QUOTED_INCLUDE_IN_FRAMEWORK_HEADER = YES;
				CLANG_WARN_RANGE_LOOP_ANALYSIS = YES;
				CLANG_WARN_STRICT_PROTOTYPES = YES;
				CLANG_WARN_SUSPICIOUS_MOVE = YES;
				CLANG_WARN_UNGUARDED_AVAILABILITY = YES_AGGRESSIVE;
				CLANG_WARN_UNREACHABLE_CODE = YES;
				CLANG_WARN__DUPLICATE_METHOD_MATCH = YES;
				COPY_PHASE_STRIP = NO;
				DEBUG_INFORMATION_FORMAT = "dwarf-with-dsym";
				ENABLE_NS_ASSERTIONS = NO;
				ENABLE_STRICT_OBJC_MSGSEND = YES;
				GCC_C_LANGUAGE_STANDARD = gnu11;
				GCC_NO_COMMON_BLOCKS = YES;
				GCC_WARN_64_TO_32_BIT_CONVERSION = YES;
				GCC_WARN_ABOUT_RETURN_TYPE = YES_ERROR;
				GCC_WARN_UNDECLARED_SELECTOR = YES;
				GCC_WARN_UNINITIALIZED_AUTOS = YES_AGGRESSIVE;
				GCC_WARN_UNUSED_FUNCTION = YES;
				GCC_WARN_UNUSED_VARIABLE = YES;
				IPHONEOS_DEPLOYMENT_TARGET = 15.0;
				MTL_ENABLE_DEBUG_INFO = NO;
				MTL_FAST_MATH = YES;
				SDKROOT = iphoneos;
				SWIFT_COMPILATION_MODE = wholemodule;
				SWIFT_OPTIMIZATION_LEVEL = "-O";
				VALIDATE_PRODUCT = YES;
			};
			name = Release;
		};
		6F2FD192276E15FE0005BAE8 /* Debug */ = {
			isa = XCBuildConfiguration;
			baseConfigurationReference = 5D5C4C3C49AC1A6E8465AECD /* Pods-TestKtor.debug.xcconfig */;
			buildSettings = {
				ASSETCATALOG_COMPILER_APPICON_NAME = AppIcon;
				ASSETCATALOG_COMPILER_GLOBAL_ACCENT_COLOR_NAME = AccentColor;
				CODE_SIGN_STYLE = Automatic;
				CURRENT_PROJECT_VERSION = 1;
				DEVELOPMENT_TEAM = KW6AU4Q4NW;
				GENERATE_INFOPLIST_FILE = YES;
				INFOPLIST_FILE = TestKtor/Info.plist;
				INFOPLIST_KEY_UIApplicationSupportsIndirectInputEvents = YES;
				INFOPLIST_KEY_UILaunchStoryboardName = LaunchScreen;
				INFOPLIST_KEY_UIMainStoryboardFile = Main;
				INFOPLIST_KEY_UISupportedInterfaceOrientations_iPad = "UIInterfaceOrientationPortrait UIInterfaceOrientationPortraitUpsideDown UIInterfaceOrientationLandscapeLeft UIInterfaceOrientationLandscapeRight";
				INFOPLIST_KEY_UISupportedInterfaceOrientations_iPhone = "UIInterfaceOrientationPortrait UIInterfaceOrientationLandscapeLeft UIInterfaceOrientationLandscapeRight";
				LD_RUNPATH_SEARCH_PATHS = (
					"$(inherited)",
					"@executable_path/Frameworks",
				);
				MARKETING_VERSION = 1.0;
				PRODUCT_BUNDLE_IDENTIFIER = it.shadowsheep.playground.TestKtor;
				PRODUCT_NAME = "$(TARGET_NAME)";
				SWIFT_EMIT_LOC_STRINGS = YES;
				SWIFT_VERSION = 5.0;
				TARGETED_DEVICE_FAMILY = "1,2";
			};
			name = Debug;
		};
		6F2FD193276E15FE0005BAE8 /* Release */ = {
			isa = XCBuildConfiguration;
			baseConfigurationReference = C733DA205CBD0390D638F82F /* Pods-TestKtor.release.xcconfig */;
			buildSettings = {
				ASSETCATALOG_COMPILER_APPICON_NAME = AppIcon;
				ASSETCATALOG_COMPILER_GLOBAL_ACCENT_COLOR_NAME = AccentColor;
				CODE_SIGN_STYLE = Automatic;
				CURRENT_PROJECT_VERSION = 1;
				DEVELOPMENT_TEAM = KW6AU4Q4NW;
				GENERATE_INFOPLIST_FILE = YES;
				INFOPLIST_FILE = TestKtor/Info.plist;
				INFOPLIST_KEY_UIApplicationSupportsIndirectInputEvents = YES;
				INFOPLIST_KEY_UILaunchStoryboardName = LaunchScreen;
				INFOPLIST_KEY_UIMainStoryboardFile = Main;
				INFOPLIST_KEY_UISupportedInterfaceOrientations_iPad = "UIInterfaceOrientationPortrait UIInterfaceOrientationPortraitUpsideDown UIInterfaceOrientationLandscapeLeft UIInterfaceOrientationLandscapeRight";
				INFOPLIST_KEY_UISupportedInterfaceOrientations_iPhone = "UIInterfaceOrientationPortrait UIInterfaceOrientationLandscapeLeft UIInterfaceOrientationLandscapeRight";
				LD_RUNPATH_SEARCH_PATHS = (
					"$(inherited)",
					"@executable_path/Frameworks",
				);
				MARKETING_VERSION = 1.0;
				PRODUCT_BUNDLE_IDENTIFIER = it.shadowsheep.playground.TestKtor;
				PRODUCT_NAME = "$(TARGET_NAME)";
				SWIFT_EMIT_LOC_STRINGS = YES;
				SWIFT_VERSION = 5.0;
				TARGETED_DEVICE_FAMILY = "1,2";
			};
			name = Release;
		};
/* End XCBuildConfiguration section */

/* Begin XCConfigurationList section */
		6F2FD178276E15FB0005BAE8 /* Build configuration list for PBXProject "TestKtor" */ = {
			isa = XCConfigurationList;
			buildConfigurations = (
				6F2FD18F276E15FE0005BAE8 /* Debug */,
				6F2FD190276E15FE0005BAE8 /* Release */,
			);
			defaultConfigurationIsVisible = 0;
			defaultConfigurationName = Release;
		};
		6F2FD191276E15FE0005BAE8 /* Build configuration list for PBXNativeTarget "TestKtor" */ = {
			isa = XCConfigurationList;
			buildConfigurations = (
				6F2FD192276E15FE0005BAE8 /* Debug */,
				6F2FD193276E15FE0005BAE8 /* Release */,
			);
			defaultConfigurationIsVisible = 0;
			defaultConfigurationName = Release;
		};
/* End XCConfigurationList section */
	};
	rootObject = 6F2FD175276E15FB0005BAE8 /* Project object */;
}
